// !$*UTF8*$!
{
	archiveVersion = 1;
	classes = {
	};
	objectVersion = 46;
	objects = {

/* Begin PBXBuildFile section */
		006673F91BABE9C600DDFE2B /* AppDelegate.swift in Sources */ = {isa = PBXBuildFile; fileRef = 006673F81BABE9C600DDFE2B /* AppDelegate.swift */; };
		006673FB1BABE9C600DDFE2B /* ViewController.swift in Sources */ = {isa = PBXBuildFile; fileRef = 006673FA1BABE9C600DDFE2B /* ViewController.swift */; };
		006673FE1BABE9C600DDFE2B /* Main.storyboard in Resources */ = {isa = PBXBuildFile; fileRef = 006673FC1BABE9C600DDFE2B /* Main.storyboard */; };
		006674001BABE9C600DDFE2B /* Images.xcassets in Resources */ = {isa = PBXBuildFile; fileRef = 006673FF1BABE9C600DDFE2B /* Images.xcassets */; };
		006674031BABE9C600DDFE2B /* LaunchScreen.xib in Resources */ = {isa = PBXBuildFile; fileRef = 006674011BABE9C600DDFE2B /* LaunchScreen.xib */; };
		0066740F1BABE9C600DDFE2B /* Dropbox_HWTests.swift in Sources */ = {isa = PBXBuildFile; fileRef = 0066740E1BABE9C600DDFE2B /* Dropbox_HWTests.swift */; };
/* End PBXBuildFile section */

/* Begin PBXContainerItemProxy section */
		006674091BABE9C600DDFE2B /* PBXContainerItemProxy */ = {
			isa = PBXContainerItemProxy;
			containerPortal = 006673EB1BABE9C600DDFE2B /* Project object */;
			proxyType = 1;
			remoteGlobalIDString = 006673F21BABE9C600DDFE2B;
			remoteInfo = "Dropbox HW";
		};
/* End PBXContainerItemProxy section */

/* Begin PBXFileReference section */
		006673F31BABE9C600DDFE2B /* Dropbox HW.app */ = {isa = PBXFileReference; explicitFileType = wrapper.application; includeInIndex = 0; path = "Dropbox HW.app"; sourceTree = BUILT_PRODUCTS_DIR; };
		006673F71BABE9C600DDFE2B /* Info.plist */ = {isa = PBXFileReference; lastKnownFileType = text.plist.xml; path = Info.plist; sourceTree = "<group>"; };
		006673F81BABE9C600DDFE2B /* AppDelegate.swift */ = {isa = PBXFileReference; lastKnownFileType = sourcecode.swift; path = AppDelegate.swift; sourceTree = "<group>"; };
		006673FA1BABE9C600DDFE2B /* ViewController.swift */ = {isa = PBXFileReference; lastKnownFileType = sourcecode.swift; path = ViewController.swift; sourceTree = "<group>"; };
		006673FD1BABE9C600DDFE2B /* Base */ = {isa = PBXFileReference; lastKnownFileType = file.storyboard; name = Base; path = Base.lproj/Main.storyboard; sourceTree = "<group>"; };
		006673FF1BABE9C600DDFE2B /* Images.xcassets */ = {isa = PBXFileReference; lastKnownFileType = folder.assetcatalog; path = Images.xcassets; sourceTree = "<group>"; };
		006674021BABE9C600DDFE2B /* Base */ = {isa = PBXFileReference; lastKnownFileType = file.xib; name = Base; path = Base.lproj/LaunchScreen.xib; sourceTree = "<group>"; };
		006674081BABE9C600DDFE2B /* Dropbox HWTests.xctest */ = {isa = PBXFileReference; explicitFileType = wrapper.cfbundle; includeInIndex = 0; path = "Dropbox HWTests.xctest"; sourceTree = BUILT_PRODUCTS_DIR; };
		0066740D1BABE9C600DDFE2B /* Info.plist */ = {isa = PBXFileReference; lastKnownFileType = text.plist.xml; path = Info.plist; sourceTree = "<group>"; };
		0066740E1BABE9C600DDFE2B /* Dropbox_HWTests.swift */ = {isa = PBXFileReference; lastKnownFileType = sourcecode.swift; path = Dropbox_HWTests.swift; sourceTree = "<group>"; };
/* End PBXFileReference section */

/* Begin PBXFrameworksBuildPhase section */
		006673F01BABE9C600DDFE2B /* Frameworks */ = {
			isa = PBXFrameworksBuildPhase;
			buildActionMask = 2147483647;
			files = (
			);
			runOnlyForDeploymentPostprocessing = 0;
		};
		006674051BABE9C600DDFE2B /* Frameworks */ = {
			isa = PBXFrameworksBuildPhase;
			buildActionMask = 2147483647;
			files = (
			);
			runOnlyForDeploymentPostprocessing = 0;
		};
/* End PBXFrameworksBuildPhase section */

/* Begin PBXGroup section */
		006673EA1BABE9C600DDFE2B = {
			isa = PBXGroup;
			children = (
				006673F51BABE9C600DDFE2B /* Dropbox HW */,
				0066740B1BABE9C600DDFE2B /* Dropbox HWTests */,
				006673F41BABE9C600DDFE2B /* Products */,
			);
			sourceTree = "<group>";
		};
		006673F41BABE9C600DDFE2B /* Products */ = {
			isa = PBXGroup;
			children = (
				006673F31BABE9C600DDFE2B /* Dropbox HW.app */,
				006674081BABE9C600DDFE2B /* Dropbox HWTests.xctest */,
			);
			name = Products;
			sourceTree = "<group>";
		};
		006673F51BABE9C600DDFE2B /* Dropbox HW */ = {
			isa = PBXGroup;
			children = (
				006673F81BABE9C600DDFE2B /* AppDelegate.swift */,
				006673FA1BABE9C600DDFE2B /* ViewController.swift */,
				006673FC1BABE9C600DDFE2B /* Main.storyboard */,
				006673FF1BABE9C600DDFE2B /* Images.xcassets */,
				006674011BABE9C600DDFE2B /* LaunchScreen.xib */,
				006673F61BABE9C600DDFE2B /* Supporting Files */,
			);
			path = "Dropbox HW";
			sourceTree = "<group>";
		};
		006673F61BABE9C600DDFE2B /* Supporting Files */ = {
			isa = PBXGroup;
			children = (
				006673F71BABE9C600DDFE2B /* Info.plist */,
			);
			name = "Supporting Files";
			sourceTree = "<group>";
		};
		0066740B1BABE9C600DDFE2B /* Dropbox HWTests */ = {
			isa = PBXGroup;
			children = (
				0066740E1BABE9C600DDFE2B /* Dropbox_HWTests.swift */,
				0066740C1BABE9C600DDFE2B /* Supporting Files */,
			);
			path = "Dropbox HWTests";
			sourceTree = "<group>";
		};
		0066740C1BABE9C600DDFE2B /* Supporting Files */ = {
			isa = PBXGroup;
			children = (
				0066740D1BABE9C600DDFE2B /* Info.plist */,
			);
			name = "Supporting Files";
			sourceTree = "<group>";
		};
/* End PBXGroup section */

/* Begin PBXNativeTarget section */
		006673F21BABE9C600DDFE2B /* Dropbox HW */ = {
			isa = PBXNativeTarget;
			buildConfigurationList = 006674121BABE9C600DDFE2B /* Build configuration list for PBXNativeTarget "Dropbox HW" */;
			buildPhases = (
				006673EF1BABE9C600DDFE2B /* Sources */,
				006673F01BABE9C600DDFE2B /* Frameworks */,
				006673F11BABE9C600DDFE2B /* Resources */,
			);
			buildRules = (
			);
			dependencies = (
			);
			name = "Dropbox HW";
			productName = "Dropbox HW";
			productReference = 006673F31BABE9C600DDFE2B /* Dropbox HW.app */;
			productType = "com.apple.product-type.application";
		};
		006674071BABE9C600DDFE2B /* Dropbox HWTests */ = {
			isa = PBXNativeTarget;
			buildConfigurationList = 006674151BABE9C600DDFE2B /* Build configuration list for PBXNativeTarget "Dropbox HWTests" */;
			buildPhases = (
				006674041BABE9C600DDFE2B /* Sources */,
				006674051BABE9C600DDFE2B /* Frameworks */,
				006674061BABE9C600DDFE2B /* Resources */,
			);
			buildRules = (
			);
			dependencies = (
				0066740A1BABE9C600DDFE2B /* PBXTargetDependency */,
			);
			name = "Dropbox HWTests";
			productName = "Dropbox HWTests";
			productReference = 006674081BABE9C600DDFE2B /* Dropbox HWTests.xctest */;
			productType = "com.apple.product-type.bundle.unit-test";
		};
/* End PBXNativeTarget section */

/* Begin PBXProject section */
		006673EB1BABE9C600DDFE2B /* Project object */ = {
			isa = PBXProject;
			attributes = {
				LastUpgradeCheck = 0640;
				ORGANIZATIONNAME = "Katie Spies";
				TargetAttributes = {
					006673F21BABE9C600DDFE2B = {
						CreatedOnToolsVersion = 6.4;
					};
					006674071BABE9C600DDFE2B = {
						CreatedOnToolsVersion = 6.4;
						TestTargetID = 006673F21BABE9C600DDFE2B;
					};
				};
			};
			buildConfigurationList = 006673EE1BABE9C600DDFE2B /* Build configuration list for PBXProject "Dropbox HW" */;
			compatibilityVersion = "Xcode 3.2";
			developmentRegion = English;
			hasScannedForEncodings = 0;
			knownRegions = (
				en,
				Base,
			);
			mainGroup = 006673EA1BABE9C600DDFE2B;
			productRefGroup = 006673F41BABE9C600DDFE2B /* Products */;
			projectDirPath = "";
			projectRoot = "";
			targets = (
				006673F21BABE9C600DDFE2B /* Dropbox HW */,
				006674071BABE9C600DDFE2B /* Dropbox HWTests */,
			);
		};
/* End PBXProject section */

/* Begin PBXResourcesBuildPhase section */
		006673F11BABE9C600DDFE2B /* Resources */ = {
			isa = PBXResourcesBuildPhase;
			buildActionMask = 2147483647;
			files = (
				006673FE1BABE9C600DDFE2B /* Main.storyboard in Resources */,
				006674031BABE9C600DDFE2B /* LaunchScreen.xib in Resources */,
				006674001BABE9C600DDFE2B /* Images.xcassets in Resources */,
			);
			runOnlyForDeploymentPostprocessing = 0;
		};
		006674061BABE9C600DDFE2B /* Resources */ = {
			isa = PBXResourcesBuildPhase;
			buildActionMask = 2147483647;
			files = (
			);
			runOnlyForDeploymentPostprocessing = 0;
		};
/* End PBXResourcesBuildPhase section */

/* Begin PBXSourcesBuildPhase section */
		006673EF1BABE9C600DDFE2B /* Sources */ = {
			isa = PBXSourcesBuildPhase;
			buildActionMask = 2147483647;
			files = (
				006673FB1BABE9C600DDFE2B /* ViewController.swift in Sources */,
				006673F91BABE9C600DDFE2B /* AppDelegate.swift in Sources */,
			);
			runOnlyForDeploymentPostprocessing = 0;
		};
		006674041BABE9C600DDFE2B /* Sources */ = {
			isa = PBXSourcesBuildPhase;
			buildActionMask = 2147483647;
			files = (
				0066740F1BABE9C600DDFE2B /* Dropbox_HWTests.swift in Sources */,
			);
			runOnlyForDeploymentPostprocessing = 0;
		};
/* End PBXSourcesBuildPhase section */

/* Begin PBXTargetDependency section */
		0066740A1BABE9C600DDFE2B /* PBXTargetDependency */ = {
			isa = PBXTargetDependency;
			target = 006673F21BABE9C600DDFE2B /* Dropbox HW */;
			targetProxy = 006674091BABE9C600DDFE2B /* PBXContainerItemProxy */;
		};
/* End PBXTargetDependency section */

/* Begin PBXVariantGroup section */
		006673FC1BABE9C600DDFE2B /* Main.storyboard */ = {
			isa = PBXVariantGroup;
			children = (
				006673FD1BABE9C600DDFE2B /* Base */,
			);
			name = Main.storyboard;
			sourceTree = "<group>";
		};
		006674011BABE9C600DDFE2B /* LaunchScreen.xib */ = {
			isa = PBXVariantGroup;
			children = (
				006674021BABE9C600DDFE2B /* Base */,
			);
			name = LaunchScreen.xib;
			sourceTree = "<group>";
		};
/* End PBXVariantGroup section */

/* Begin XCBuildConfiguration section */
		006674101BABE9C600DDFE2B /* Debug */ = {
			isa = XCBuildConfiguration;
			buildSettings = {
				ALWAYS_SEARCH_USER_PATHS = NO;
				CLANG_CXX_LANGUAGE_STANDARD = "gnu++0x";
				CLANG_CXX_LIBRARY = "libc++";
				CLANG_ENABLE_MODULES = YES;
				CLANG_ENABLE_OBJC_ARC = YES;
				CLANG_WARN_BOOL_CONVERSION = YES;
				CLANG_WARN_CONSTANT_CONVERSION = YES;
				CLANG_WARN_DIRECT_OBJC_ISA_USAGE = YES_ERROR;
				CLANG_WARN_EMPTY_BODY = YES;
				CLANG_WARN_ENUM_CONVERSION = YES;
				CLANG_WARN_INT_CONVERSION = YES;
				CLANG_WARN_OBJC_ROOT_CLASS = YES_ERROR;
				CLANG_WARN_UNREACHABLE_CODE = YES;
				CLANG_WARN__DUPLICATE_METHOD_MATCH = YES;
				"CODE_SIGN_IDENTITY[sdk=iphoneos*]" = "iPhone Developer";
				COPY_PHASE_STRIP = NO;
				DEBUG_INFORMATION_FORMAT = "dwarf-with-dsym";
				ENABLE_STRICT_OBJC_MSGSEND = YES;
				GCC_C_LANGUAGE_STANDARD = gnu99;
				GCC_DYNAMIC_NO_PIC = NO;
				GCC_NO_COMMON_BLOCKS = YES;
				GCC_OPTIMIZATION_LEVEL = 0;
				GCC_PREPROCESSOR_DEFINITIONS = (
					"DEBUG=1",
					"$(inherited)",
				);
				GCC_SYMBOLS_PRIVATE_EXTERN = NO;
				GCC_WARN_64_TO_32_BIT_CONVERSION = YES;
				GCC_WARN_ABOUT_RETURN_TYPE = YES_ERROR;
				GCC_WARN_UNDECLARED_SELECTOR = YES;
				GCC_WARN_UNINITIALIZED_AUTOS = YES_AGGRESSIVE;
				GCC_WARN_UNUSED_FUNCTION = YES;
				GCC_WARN_UNUSED_VARIABLE = YES;
				IPHONEOS_DEPLOYMENT_TARGET = 8.4;
				MTL_ENABLE_DEBUG_INFO = YES;
				ONLY_ACTIVE_ARCH = YES;
				SDKROOT = iphoneos;
				SWIFT_OPTIMIZATION_LEVEL = "-Onone";
			};
			name = Debug;
		};
		006674111BABE9C600DDFE2B /* Release */ = {
			isa = XCBuildConfiguration;
			buildSettings = {
				ALWAYS_SEARCH_USER_PATHS = NO;
				CLANG_CXX_LANGUAGE_STANDARD = "gnu++0x";
				CLANG_CXX_LIBRARY = "libc++";
				CLANG_ENABLE_MODULES = YES;
				CLANG_ENABLE_OBJC_ARC = YES;
				CLANG_WARN_BOOL_CONVERSION = YES;
				CLANG_WARN_CONSTANT_CONVERSION = YES;
				CLANG_WARN_DIRECT_OBJC_ISA_USAGE = YES_ERROR;
				CLANG_WARN_EMPTY_BODY = YES;
				CLANG_WARN_ENUM_CONVERSION = YES;
				CLANG_WARN_INT_CONVERSION = YES;
				CLANG_WARN_OBJC_ROOT_CLASS = YES_ERROR;
				CLANG_WARN_UNREACHABLE_CODE = YES;
				CLANG_WARN__DUPLICATE_METHOD_MATCH = YES;
				"CODE_SIGN_IDENTITY[sdk=iphoneos*]" = "iPhone Developer";
				COPY_PHASE_STRIP = NO;
				DEBUG_INFORMATION_FORMAT = "dwarf-with-dsym";
				ENABLE_NS_ASSERTIONS = NO;
				ENABLE_STRICT_OBJC_MSGSEND = YES;
				GCC_C_LANGUAGE_STANDARD = gnu99;
				GCC_NO_COMMON_BLOCKS = YES;
				GCC_WARN_64_TO_32_BIT_CONVERSION = YES;
				GCC_WARN_ABOUT_RETURN_TYPE = YES_ERROR;
				GCC_WARN_UNDECLARED_SELECTOR = YES;
				GCC_WARN_UNINITIALIZED_AUTOS = YES_AGGRESSIVE;
				GCC_WARN_UNUSED_FUNCTION = YES;
				GCC_WARN_UNUSED_VARIABLE = YES;
				IPHONEOS_DEPLOYMENT_TARGET = 8.4;
				MTL_ENABLE_DEBUG_INFO = NO;
				SDKROOT = iphoneos;
				VALIDATE_PRODUCT = YES;
			};
			name = Release;
		};
		006674131BABE9C600DDFE2B /* Debug */ = {
			isa = XCBuildConfiguration;
			buildSettings = {
				ASSETCATALOG_COMPILER_APPICON_NAME = AppIcon;
				INFOPLIST_FILE = "Dropbox HW/Info.plist";
				LD_RUNPATH_SEARCH_PATHS = "$(inherited) @executable_path/Frameworks";
				PRODUCT_NAME = "$(TARGET_NAME)";
			};
			name = Debug;
		};
		006674141BABE9C600DDFE2B /* Release */ = {
			isa = XCBuildConfiguration;
			buildSettings = {
				ASSETCATALOG_COMPILER_APPICON_NAME = AppIcon;
				INFOPLIST_FILE = "Dropbox HW/Info.plist";
				LD_RUNPATH_SEARCH_PATHS = "$(inherited) @executable_path/Frameworks";
				PRODUCT_NAME = "$(TARGET_NAME)";
			};
			name = Release;
		};
		006674161BABE9C600DDFE2B /* Debug */ = {
			isa = XCBuildConfiguration;
			buildSettings = {
				BUNDLE_LOADER = "$(TEST_HOST)";
				FRAMEWORK_SEARCH_PATHS = (
					"$(SDKROOT)/Developer/Library/Frameworks",
					"$(inherited)",
				);
				GCC_PREPROCESSOR_DEFINITIONS = (
					"DEBUG=1",
					"$(inherited)",
				);
				INFOPLIST_FILE = "Dropbox HWTests/Info.plist";
				LD_RUNPATH_SEARCH_PATHS = "$(inherited) @executable_path/Frameworks @loader_path/Frameworks";
				PRODUCT_NAME = "$(TARGET_NAME)";
				TEST_HOST = "$(BUILT_PRODUCTS_DIR)/Dropbox HW.app/Dropbox HW";
			};
			name = Debug;
		};
		006674171BABE9C600DDFE2B /* Release */ = {
			isa = XCBuildConfiguration;
			buildSettings = {
				BUNDLE_LOADER = "$(TEST_HOST)";
				FRAMEWORK_SEARCH_PATHS = (
					"$(SDKROOT)/Developer/Library/Frameworks",
					"$(inherited)",
				);
				INFOPLIST_FILE = "Dropbox HWTests/Info.plist";
				LD_RUNPATH_SEARCH_PATHS = "$(inherited) @executable_path/Frameworks @loader_path/Frameworks";
				PRODUCT_NAME = "$(TARGET_NAME)";
				TEST_HOST = "$(BUILT_PRODUCTS_DIR)/Dropbox HW.app/Dropbox HW";
			};
			name = Release;
		};
/* End XCBuildConfiguration section */

/* Begin XCConfigurationList section */
		006673EE1BABE9C600DDFE2B /* Build configuration list for PBXProject "Dropbox HW" */ = {
			isa = XCConfigurationList;
			buildConfigurations = (
				006674101BABE9C600DDFE2B /* Debug */,
				006674111BABE9C600DDFE2B /* Release */,
			);
			defaultConfigurationIsVisible = 0;
			defaultConfigurationName = Release;
		};
		006674121BABE9C600DDFE2B /* Build configuration list for PBXNativeTarget "Dropbox HW" */ = {
			isa = XCConfigurationList;
			buildConfigurations = (
				006674131BABE9C600DDFE2B /* Debug */,
				006674141BABE9C600DDFE2B /* Release */,
			);
			defaultConfigurationIsVisible = 0;
		};
		006674151BABE9C600DDFE2B /* Build configuration list for PBXNativeTarget "Dropbox HWTests" */ = {
			isa = XCConfigurationList;
			buildConfigurations = (
				006674161BABE9C600DDFE2B /* Debug */,
				006674171BABE9C600DDFE2B /* Release */,
			);
			defaultConfigurationIsVisible = 0;
		};
/* End XCConfigurationList section */
	};
	rootObject = 006673EB1BABE9C600DDFE2B /* Project object */;
}
